
Microsoft Visual Studio Solution File, Format Version 12.00
# Visual Studio Version 17
VisualStudioVersion = 17.0.31903.59
MinimumVisualStudioVersion = 10.0.40219.1
Project("{2150E333-8FDC-42A3-9474-1A3956D46DE8}") = "src", "src", "{827E0CD3-B72D-47B6-A68D-7590B98EB39B}"
EndProject
Project("{FAE04EC0-301F-11D3-BF4B-00C04F79EFBC}") = "RetroTerm.Core", "src\RetroTerm.Core\RetroTerm.Core.csproj", "{74C3D6D1-EE42-4D44-B7F3-41C48CADB3D0}"
EndProject
Project("{FAE04EC0-301F-11D3-BF4B-00C04F79EFBC}") = "RetroTerm.Core.Protocols", "src\RetroTerm.Core.Protocols\RetroTerm.Core.Protocols.csproj", "{D3A59E17-BAFE-45C3-A26D-B6E0C4DF23EE}"
EndProject
Project("{FAE04EC0-301F-11D3-BF4B-00C04F79EFBC}") = "RetroTerm.Core.Protocols.Net", "src\RetroTerm.Core.Protocols.Net\RetroTerm.Core.Protocols.Net.csproj", "{13980615-3D70-453E-A81E-E2A97482D605}"
EndProject
Project("{FAE04EC0-301F-11D3-BF4B-00C04F79EFBC}") = "RetroTerm.Core.Protocols.WebSocket", "src\RetroTerm.Core.Protocols.WebSocket\RetroTerm.Core.Protocols.WebSocket.csproj", "{9E96D086-7E54-497E-86B7-719C177EA6C4}"
EndProject
Project("{FAE04EC0-301F-11D3-BF4B-00C04F79EFBC}") = "RetroTerm.Desktop", "src\RetroTerm.Desktop\RetroTerm.Desktop.csproj", "{210D1EAE-5DB3-4F48-A2EF-B797A2B3B9C3}"
EndProject
Project("{FAE04EC0-301F-11D3-BF4B-00C04F79EFBC}") = "RetroTerm.Tests", "tests\RetroTerm.Tests\RetroTerm.Tests.csproj", "{B0AA780A-68A3-4B37-9BB7-FAABF6AB26B0}"
EndProject
Project("{2150E333-8FDC-42A3-9474-1A3956D46DE8}") = "tests", "tests", "{0AB3BF05-4346-4AA6-1389-037BE0695223}"
EndProject
Project("{FAE04EC0-301F-11D3-BF4B-00C04F79EFBC}") = "RetroTerm.TestServer", "tests\RetroTerm.TestServer\RetroTerm.TestServer.csproj", "{BE5C9B7C-643D-4224-B8DC-A3DFF768558C}"
EndProject
Project("{FAE04EC0-301F-11D3-BF4B-00C04F79EFBC}") = "RetroTerm.Core.Protocols.TelnetServer", "src\RetroTerm.Core.Protocols.TelnetServer\RetroTerm.Core.Protocols.TelnetServer.csproj", "{753E3DA4-6B84-45F3-BF9B-6498F3EE95CB}"
EndProject
Project("{FAE04EC0-301F-11D3-BF4B-00C04F79EFBC}") = "RetroTerm.Core.Protocols.Kermit", "src\RetroTerm.Core.Protocols.Kermit\RetroTerm.Core.Protocols.Kermit.csproj", "{4D99954D-9950-4239-972C-E0AC2363E983}"
EndProject
Project("{FAE04EC0-301F-11D3-BF4B-00C04F79EFBC}") = "RetroTerm.Core.Protocols.Kermit.Tests", "tests\RetroTerm.Core.Protocols.Kermit.Tests\RetroTerm.Core.Protocols.Kermit.Tests.csproj", "{5C8F7C26-3D6E-497F-AF50-BC753B91651E}"
EndProject
Project("{FAE04EC0-301F-11D3-BF4B-00C04F79EFBC}") = "RetroTerm.Mcp", "src\RetroTerm.Mcp\RetroTerm.Mcp.csproj", "{47BA79A6-1851-416B-A6A4-889C4CCAE113}"
EndProject
Global
	GlobalSection(SolutionConfigurationPlatforms) = preSolution
		Debug|Any CPU = Debug|Any CPU
		Debug|x64 = Debug|x64
		Debug|x86 = Debug|x86
		Release|Any CPU = Release|Any CPU
		Release|x64 = Release|x64
		Release|x86 = Release|x86
	EndGlobalSection
	GlobalSection(ProjectConfigurationPlatforms) = postSolution
		{74C3D6D1-EE42-4D44-B7F3-41C48CADB3D0}.Debug|Any CPU.ActiveCfg = Debug|Any CPU
		{74C3D6D1-EE42-4D44-B7F3-41C48CADB3D0}.Debug|Any CPU.Build.0 = Debug|Any CPU
		{74C3D6D1-EE42-4D44-B7F3-41C48CADB3D0}.Debug|x64.ActiveCfg = Debug|Any CPU
		{74C3D6D1-EE42-4D44-B7F3-41C48CADB3D0}.Debug|x64.Build.0 = Debug|Any CPU
		{74C3D6D1-EE42-4D44-B7F3-41C48CADB3D0}.Debug|x86.ActiveCfg = Debug|Any CPU
		{74C3D6D1-EE42-4D44-B7F3-41C48CADB3D0}.Debug|x86.Build.0 = Debug|Any CPU
		{74C3D6D1-EE42-4D44-B7F3-41C48CADB3D0}.Release|Any CPU.ActiveCfg = Release|Any CPU
		{74C3D6D1-EE42-4D44-B7F3-41C48CADB3D0}.Release|Any CPU.Build.0 = Release|Any CPU
		{74C3D6D1-EE42-4D44-B7F3-41C48CADB3D0}.Release|x64.ActiveCfg = Release|Any CPU
		{74C3D6D1-EE42-4D44-B7F3-41C48CADB3D0}.Release|x64.Build.0 = Release|Any CPU
		{74C3D6D1-EE42-4D44-B7F3-41C48CADB3D0}.Release|x86.ActiveCfg = Release|Any CPU
		{74C3D6D1-EE42-4D44-B7F3-41C48CADB3D0}.Release|x86.Build.0 = Release|Any CPU
		{D3A59E17-BAFE-45C3-A26D-B6E0C4DF23EE}.Debug|Any CPU.ActiveCfg = Debug|Any CPU
		{D3A59E17-BAFE-45C3-A26D-B6E0C4DF23EE}.Debug|Any CPU.Build.0 = Debug|Any CPU
		{D3A59E17-BAFE-45C3-A26D-B6E0C4DF23EE}.Debug|x64.ActiveCfg = Debug|Any CPU
		{D3A59E17-BAFE-45C3-A26D-B6E0C4DF23EE}.Debug|x64.Build.0 = Debug|Any CPU
		{D3A59E17-BAFE-45C3-A26D-B6E0C4DF23EE}.Debug|x86.ActiveCfg = Debug|Any CPU
		{D3A59E17-BAFE-45C3-A26D-B6E0C4DF23EE}.Debug|x86.Build.0 = Debug|Any CPU
		{D3A59E17-BAFE-45C3-A26D-B6E0C4DF23EE}.Release|Any CPU.ActiveCfg = Release|Any CPU
		{D3A59E17-BAFE-45C3-A26D-B6E0C4DF23EE}.Release|Any CPU.Build.0 = Release|Any CPU
		{D3A59E17-BAFE-45C3-A26D-B6E0C4DF23EE}.Release|x64.ActiveCfg = Release|Any CPU
		{D3A59E17-BAFE-45C3-A26D-B6E0C4DF23EE}.Release|x64.Build.0 = Release|Any CPU
		{D3A59E17-BAFE-45C3-A26D-B6E0C4DF23EE}.Release|x86.ActiveCfg = Release|Any CPU
		{D3A59E17-BAFE-45C3-A26D-B6E0C4DF23EE}.Release|x86.Build.0 = Release|Any CPU
		{13980615-3D70-453E-A81E-E2A97482D605}.Debug|Any CPU.ActiveCfg = Debug|Any CPU
		{13980615-3D70-453E-A81E-E2A97482D605}.Debug|Any CPU.Build.0 = Debug|Any CPU
		{13980615-3D70-453E-A81E-E2A97482D605}.Debug|x64.ActiveCfg = Debug|Any CPU
		{13980615-3D70-453E-A81E-E2A97482D605}.Debug|x64.Build.0 = Debug|Any CPU
		{13980615-3D70-453E-A81E-E2A97482D605}.Debug|x86.ActiveCfg = Debug|Any CPU
		{13980615-3D70-453E-A81E-E2A97482D605}.Debug|x86.Build.0 = Debug|Any CPU
		{13980615-3D70-453E-A81E-E2A97482D605}.Release|Any CPU.ActiveCfg = Release|Any CPU
		{13980615-3D70-453E-A81E-E2A97482D605}.Release|Any CPU.Build.0 = Release|Any CPU
		{13980615-3D70-453E-A81E-E2A97482D605}.Release|x64.ActiveCfg = Release|Any CPU
		{13980615-3D70-453E-A81E-E2A97482D605}.Release|x64.Build.0 = Release|Any CPU
		{13980615-3D70-453E-A81E-E2A97482D605}.Release|x86.ActiveCfg = Release|Any CPU
		{13980615-3D70-453E-A81E-E2A97482D605}.Release|x86.Build.0 = Release|Any CPU
		{9E96D086-7E54-497E-86B7-719C177EA6C4}.Debug|Any CPU.ActiveCfg = Debug|Any CPU
		{9E96D086-7E54-497E-86B7-719C177EA6C4}.Debug|Any CPU.Build.0 = Debug|Any CPU
		{9E96D086-7E54-497E-86B7-719C177EA6C4}.Debug|x64.ActiveCfg = Debug|Any CPU
		{9E96D086-7E54-497E-86B7-719C177EA6C4}.Debug|x64.Build.0 = Debug|Any CPU
		{9E96D086-7E54-497E-86B7-719C177EA6C4}.Debug|x86.ActiveCfg = Debug|Any CPU
		{9E96D086-7E54-497E-86B7-719C177EA6C4}.Debug|x86.Build.0 = Debug|Any CPU
		{9E96D086-7E54-497E-86B7-719C177EA6C4}.Release|Any CPU.ActiveCfg = Release|Any CPU
		{9E96D086-7E54-497E-86B7-719C177EA6C4}.Release|Any CPU.Build.0 = Release|Any CPU
		{9E96D086-7E54-497E-86B7-719C177EA6C4}.Release|x64.ActiveCfg = Release|Any CPU
		{9E96D086-7E54-497E-86B7-719C177EA6C4}.Release|x64.Build.0 = Release|Any CPU
		{9E96D086-7E54-497E-86B7-719C177EA6C4}.Release|x86.ActiveCfg = Release|Any CPU
		{9E96D086-7E54-497E-86B7-719C177EA6C4}.Release|x86.Build.0 = Release|Any CPU
		{210D1EAE-5DB3-4F48-A2EF-B797A2B3B9C3}.Debug|Any CPU.ActiveCfg = Debug|Any CPU
		{210D1EAE-5DB3-4F48-A2EF-B797A2B3B9C3}.Debug|Any CPU.Build.0 = Debug|Any CPU
		{210D1EAE-5DB3-4F48-A2EF-B797A2B3B9C3}.Debug|x64.ActiveCfg = Debug|Any CPU
		{210D1EAE-5DB3-4F48-A2EF-B797A2B3B9C3}.Debug|x64.Build.0 = Debug|Any CPU
		{210D1EAE-5DB3-4F48-A2EF-B797A2B3B9C3}.Debug|x86.ActiveCfg = Debug|Any CPU
		{210D1EAE-5DB3-4F48-A2EF-B797A2B3B9C3}.Debug|x86.Build.0 = Debug|Any CPU
		{210D1EAE-5DB3-4F48-A2EF-B797A2B3B9C3}.Release|Any CPU.ActiveCfg = Release|Any CPU
		{210D1EAE-5DB3-4F48-A2EF-B797A2B3B9C3}.Release|Any CPU.Build.0 = Release|Any CPU
		{210D1EAE-5DB3-4F48-A2EF-B797A2B3B9C3}.Release|x64.ActiveCfg = Release|Any CPU
		{210D1EAE-5DB3-4F48-A2EF-B797A2B3B9C3}.Release|x64.Build.0 = Release|Any CPU
		{210D1EAE-5DB3-4F48-A2EF-B797A2B3B9C3}.Release|x86.ActiveCfg = Release|Any CPU
		{210D1EAE-5DB3-4F48-A2EF-B797A2B3B9C3}.Release|x86.Build.0 = Release|Any CPU
		{B0AA780A-68A3-4B37-9BB7-FAABF6AB26B0}.Debug|Any CPU.ActiveCfg = Debug|Any CPU
		{B0AA780A-68A3-4B37-9BB7-FAABF6AB26B0}.Debug|Any CPU.Build.0 = Debug|Any CPU
		{B0AA780A-68A3-4B37-9BB7-FAABF6AB26B0}.Debug|x64.ActiveCfg = Debug|Any CPU
		{B0AA780A-68A3-4B37-9BB7-FAABF6AB26B0}.Debug|x64.Build.0 = Debug|Any CPU
		{B0AA780A-68A3-4B37-9BB7-FAABF6AB26B0}.Debug|x86.ActiveCfg = Debug|Any CPU
		{B0AA780A-68A3-4B37-9BB7-FAABF6AB26B0}.Debug|x86.Build.0 = Debug|Any CPU
		{B0AA780A-68A3-4B37-9BB7-FAABF6AB26B0}.Release|Any CPU.ActiveCfg = Release|Any CPU
		{B0AA780A-68A3-4B37-9BB7-FAABF6AB26B0}.Release|Any CPU.Build.0 = Release|Any CPU
		{B0AA780A-68A3-4B37-9BB7-FAABF6AB26B0}.Release|x64.ActiveCfg = Release|Any CPU
		{B0AA780A-68A3-4B37-9BB7-FAABF6AB26B0}.Release|x64.Build.0 = Release|Any CPU
		{B0AA780A-68A3-4B37-9BB7-FAABF6AB26B0}.Release|x86.ActiveCfg = Release|Any CPU
		{B0AA780A-68A3-4B37-9BB7-FAABF6AB26B0}.Release|x86.Build.0 = Release|Any CPU
		{BE5C9B7C-643D-4224-B8DC-A3DFF768558C}.Debug|Any CPU.ActiveCfg = Debug|Any CPU
		{BE5C9B7C-643D-4224-B8DC-A3DFF768558C}.Debug|Any CPU.Build.0 = Debug|Any CPU
		{BE5C9B7C-643D-4224-B8DC-A3DFF768558C}.Debug|x64.ActiveCfg = Debug|Any CPU
		{BE5C9B7C-643D-4224-B8DC-A3DFF768558C}.Debug|x64.Build.0 = Debug|Any CPU
		{BE5C9B7C-643D-4224-B8DC-A3DFF768558C}.Debug|x86.ActiveCfg = Debug|Any CPU
		{BE5C9B7C-643D-4224-B8DC-A3DFF768558C}.Debug|x86.Build.0 = Debug|Any CPU
		{BE5C9B7C-643D-4224-B8DC-A3DFF768558C}.Release|Any CPU.ActiveCfg = Release|Any CPU
		{BE5C9B7C-643D-4224-B8DC-A3DFF768558C}.Release|Any CPU.Build.0 = Release|Any CPU
		{BE5C9B7C-643D-4224-B8DC-A3DFF768558C}.Release|x64.ActiveCfg = Release|Any CPU
		{BE5C9B7C-643D-4224-B8DC-A3DFF768558C}.Release|x64.Build.0 = Release|Any CPU
		{BE5C9B7C-643D-4224-B8DC-A3DFF768558C}.Release|x86.ActiveCfg = Release|Any CPU
		{BE5C9B7C-643D-4224-B8DC-A3DFF768558C}.Release|x86.Build.0 = Release|Any CPU
		{753E3DA4-6B84-45F3-BF9B-6498F3EE95CB}.Debug|Any CPU.ActiveCfg = Debug|Any CPU
		{753E3DA4-6B84-45F3-BF9B-6498F3EE95CB}.Debug|Any CPU.Build.0 = Debug|Any CPU
		{753E3DA4-6B84-45F3-BF9B-6498F3EE95CB}.Debug|x64.ActiveCfg = Debug|Any CPU
		{753E3DA4-6B84-45F3-BF9B-6498F3EE95CB}.Debug|x64.Build.0 = Debug|Any CPU
		{753E3DA4-6B84-45F3-BF9B-6498F3EE95CB}.Debug|x86.ActiveCfg = Debug|Any CPU
		{753E3DA4-6B84-45F3-BF9B-6498F3EE95CB}.Debug|x86.Build.0 = Debug|Any CPU
		{753E3DA4-6B84-45F3-BF9B-6498F3EE95CB}.Release|Any CPU.ActiveCfg = Release|Any CPU
		{753E3DA4-6B84-45F3-BF9B-6498F3EE95CB}.Release|Any CPU.Build.0 = Release|Any CPU
		{753E3DA4-6B84-45F3-BF9B-6498F3EE95CB}.Release|x64.ActiveCfg = Release|Any CPU
		{753E3DA4-6B84-45F3-BF9B-6498F3EE95CB}.Release|x64.Build.0 = Release|Any CPU
		{753E3DA4-6B84-45F3-BF9B-6498F3EE95CB}.Release|x86.ActiveCfg = Release|Any CPU
		{753E3DA4-6B84-45F3-BF9B-6498F3EE95CB}.Release|x86.Build.0 = Release|Any CPU
		{4D99954D-9950-4239-972C-E0AC2363E983}.Debug|Any CPU.ActiveCfg = Debug|Any CPU
		{4D99954D-9950-4239-972C-E0AC2363E983}.Debug|Any CPU.Build.0 = Debug|Any CPU
		{4D99954D-9950-4239-972C-E0AC2363E983}.Debug|x64.ActiveCfg = Debug|Any CPU
		{4D99954D-9950-4239-972C-E0AC2363E983}.Debug|x64.Build.0 = Debug|Any CPU
		{4D99954D-9950-4239-972C-E0AC2363E983}.Debug|x86.ActiveCfg = Debug|Any CPU
		{4D99954D-9950-4239-972C-E0AC2363E983}.Debug|x86.Build.0 = Debug|Any CPU
		{4D99954D-9950-4239-972C-E0AC2363E983}.Release|Any CPU.ActiveCfg = Release|Any CPU
		{4D99954D-9950-4239-972C-E0AC2363E983}.Release|Any CPU.Build.0 = Release|Any CPU
		{4D99954D-9950-4239-972C-E0AC2363E983}.Release|x64.ActiveCfg = Release|Any CPU
		{4D99954D-9950-4239-972C-E0AC2363E983}.Release|x64.Build.0 = Release|Any CPU
		{4D99954D-9950-4239-972C-E0AC2363E983}.Release|x86.ActiveCfg = Release|Any CPU
		{4D99954D-9950-4239-972C-E0AC2363E983}.Release|x86.Build.0 = Release|Any CPU
		{5C8F7C26-3D6E-497F-AF50-BC753B91651E}.Debug|Any CPU.ActiveCfg = Debug|Any CPU
		{5C8F7C26-3D6E-497F-AF50-BC753B91651E}.Debug|Any CPU.Build.0 = Debug|Any CPU
		{5C8F7C26-3D6E-497F-AF50-BC753B91651E}.Debug|x64.ActiveCfg = Debug|Any CPU
		{5C8F7C26-3D6E-497F-AF50-BC753B91651E}.Debug|x64.Build.0 = Debug|Any CPU
		{5C8F7C26-3D6E-497F-AF50-BC753B91651E}.Debug|x86.ActiveCfg = Debug|Any CPU
		{5C8F7C26-3D6E-497F-AF50-BC753B91651E}.Debug|x86.Build.0 = Debug|Any CPU
		{5C8F7C26-3D6E-497F-AF50-BC753B91651E}.Release|Any CPU.ActiveCfg = Release|Any CPU
		{5C8F7C26-3D6E-497F-AF50-BC753B91651E}.Release|Any CPU.Build.0 = Release|Any CPU
		{5C8F7C26-3D6E-497F-AF50-BC753B91651E}.Release|x64.ActiveCfg = Release|Any CPU
		{5C8F7C26-3D6E-497F-AF50-BC753B91651E}.Release|x64.Build.0 = Release|Any CPU
		{5C8F7C26-3D6E-497F-AF50-BC753B91651E}.Release|x86.ActiveCfg = Release|Any CPU
		{5C8F7C26-3D6E-497F-AF50-BC753B91651E}.Release|x86.Build.0 = Release|Any CPU
		{47BA79A6-1851-416B-A6A4-889C4CCAE113}.Debug|Any CPU.ActiveCfg = Debug|Any CPU
		{47BA79A6-1851-416B-A6A4-889C4CCAE113}.Debug|Any CPU.Build.0 = Debug|Any CPU
		{47BA79A6-1851-416B-A6A4-889C4CCAE113}.Debug|x64.ActiveCfg = Debug|Any CPU
		{47BA79A6-1851-416B-A6A4-889C4CCAE113}.Debug|x64.Build.0 = Debug|Any CPU
		{47BA79A6-1851-416B-A6A4-889C4CCAE113}.Debug|x86.ActiveCfg = Debug|Any CPU
		{47BA79A6-1851-416B-A6A4-889C4CCAE113}.Debug|x86.Build.0 = Debug|Any CPU
		{47BA79A6-1851-416B-A6A4-889C4CCAE113}.Release|Any CPU.ActiveCfg = Release|Any CPU
		{47BA79A6-1851-416B-A6A4-889C4CCAE113}.Release|Any CPU.Build.0 = Release|Any CPU
		{47BA79A6-1851-416B-A6A4-889C4CCAE113}.Release|x64.ActiveCfg = Release|Any CPU
		{47BA79A6-1851-416B-A6A4-889C4CCAE113}.Release|x64.Build.0 = Release|Any CPU
		{47BA79A6-1851-416B-A6A4-889C4CCAE113}.Release|x86.ActiveCfg = Release|Any CPU
		{47BA79A6-1851-416B-A6A4-889C4CCAE113}.Release|x86.Build.0 = Release|Any CPU
	EndGlobalSection
	GlobalSection(SolutionProperties) = preSolution
		HideSolutionNode = FALSE
	EndGlobalSection
	GlobalSection(NestedProjects) = preSolution
		{74C3D6D1-EE42-4D44-B7F3-41C48CADB3D0} = {827E0CD3-B72D-47B6-A68D-7590B98EB39B}
		{D3A59E17-BAFE-45C3-A26D-B6E0C4DF23EE} = {827E0CD3-B72D-47B6-A68D-7590B98EB39B}
		{13980615-3D70-453E-A81E-E2A97482D605} = {827E0CD3-B72D-47B6-A68D-7590B98EB39B}
		{9E96D086-7E54-497E-86B7-719C177EA6C4} = {827E0CD3-B72D-47B6-A68D-7590B98EB39B}
		{210D1EAE-5DB3-4F48-A2EF-B797A2B3B9C3} = {827E0CD3-B72D-47B6-A68D-7590B98EB39B}
		{B0AA780A-68A3-4B37-9BB7-FAABF6AB26B0} = {0AB3BF05-4346-4AA6-1389-037BE0695223}
		{BE5C9B7C-643D-4224-B8DC-A3DFF768558C} = {0AB3BF05-4346-4AA6-1389-037BE0695223}
		{753E3DA4-6B84-45F3-BF9B-6498F3EE95CB} = {827E0CD3-B72D-47B6-A68D-7590B98EB39B}
		{4D99954D-9950-4239-972C-E0AC2363E983} = {827E0CD3-B72D-47B6-A68D-7590B98EB39B}
		{5C8F7C26-3D6E-497F-AF50-BC753B91651E} = {0AB3BF05-4346-4AA6-1389-037BE0695223}
		{47BA79A6-1851-416B-A6A4-889C4CCAE113} = {827E0CD3-B72D-47B6-A68D-7590B98EB39B}
	EndGlobalSection
EndGlobal
